
Microsoft Visual Studio Solution File, Format Version 12.00
# Visual Studio Version 17
VisualStudioVersion = 17.4.33213.308
MinimumVisualStudioVersion = 10.0.40219.1
Project("{FAE04EC0-301F-11D3-BF4B-00C04F79EFBC}") = "CRUD-REACT", "CRUD-REACT\CRUD-REACT.csproj", "{B59B645C-B83C-4D56-81B1-3040CB7BA620}"
EndProject
Global
	GlobalSection(SolutionConfigurationPlatforms) = preSolution
		Debug|Any CPU = Debug|Any CPU
		Release|Any CPU = Release|Any CPU
	EndGlobalSection
	GlobalSection(ProjectConfigurationPlatforms) = postSolution
		{B59B645C-B83C-4D56-81B1-3040CB7BA620}.Debug|Any CPU.ActiveCfg = Debug|Any CPU
		{B59B645C-B83C-4D56-81B1-3040CB7BA620}.Debug|Any CPU.Build.0 = Debug|Any CPU
		{B59B645C-B83C-4D56-81B1-3040CB7BA620}.Release|Any CPU.ActiveCfg = Release|Any CPU
		{B59B645C-B83C-4D56-81B1-3040CB7BA620}.Release|Any CPU.Build.0 = Release|Any CPU
	EndGlobalSection
	GlobalSection(SolutionProperties) = preSolution
		HideSolutionNode = FALSE
	EndGlobalSection
	GlobalSection(ExtensibilityGlobals) = postSolution
		SolutionGuid = {9A2B598D-8CB6-4DF6-8CD2-FC387687F1D7}
	EndGlobalSection
EndGlobal
